
Microsoft Visual Studio Solution File, Format Version 12.00
# Visual Studio Version 17
VisualStudioVersion = 17.9.34723.18
MinimumVisualStudioVersion = 10.0.40219.1
Project("{9A19103F-16F7-4668-BE54-9A1E7A4F7556}") = "KapibaraV2", "KapibaraV2\KapibaraV2.csproj", "{28584587-AEFD-415D-AEE2-028D7321E908}"
EndProject
Project("{FAE04EC0-301F-11D3-BF4B-00C04F79EFBC}") = "SolidIntersection", "SolidIntersection\SolidIntersection.csproj", "{1E6FE382-8036-4CDB-9B5F-32FA791B3B35}"
EndProject
Project("{FAE04EC0-301F-11D3-BF4B-00C04F79EFBC}") = "Helper", "Helper\Helper.csproj", "{08BA8657-054C-40BF-B4E7-04EF6F7CB284}"
EndProject
Project("{FAE04EC0-301F-11D3-BF4B-00C04F79EFBC}") = "ChatGPT", "ChatGPT\ChatGPT.csproj", "{2B56225B-6803-4B77-BDB2-2C7116B4932F}"
EndProject
Project("{FAE04EC0-301F-11D3-BF4B-00C04F79EFBC}") = "FamilyCleaner", "FamilyCleaner\FamilyCleaner.csproj", "{DB9C6E1F-B36D-4987-BF92-E60D6D6C3CD1}"
EndProject
Project("{FAE04EC0-301F-11D3-BF4B-00C04F79EFBC}") = "FsmModules", "FsmModules\FsmModules.csproj", "{6E6B2DD8-ABF6-40FF-A380-DEC815C0ED57}"
EndProject
Project("{FAE04EC0-301F-11D3-BF4B-00C04F79EFBC}") = "WpfResources", "WpfResources\WpfResources.csproj", "{BDEE41C4-81F3-4593-9204-FFA180324535}"
EndProject
Project("{FAE04EC0-301F-11D3-BF4B-00C04F79EFBC}") = "TestLib", "TestLib\TestLib.csproj", "{13882C15-33F8-4210-B493-A1BEF83DEFC6}"
EndProject
Project("{FAE04EC0-301F-11D3-BF4B-00C04F79EFBC}") = "ViewManager", "ViewManager\ViewManager.csproj", "{7DF74D49-C5BB-4A26-9024-06340FA66AEE}"
EndProject
Project("{FAE04EC0-301F-11D3-BF4B-00C04F79EFBC}") = "ColorsByParameters", "ColorsByParameters\ColorsByParameters.csproj", "{55B5983E-F0A2-4DBD-820A-28D86C62F454}"
EndProject
Project("{FAE04EC0-301F-11D3-BF4B-00C04F79EFBC}") = "KapibaraCore", "KapibaraCore\KapibaraCore.csproj", "{52A847B1-D2E8-4D72-9814-07C641B2D684}"
EndProject
Project("{FAE04EC0-301F-11D3-BF4B-00C04F79EFBC}") = "ImportExcelByParameter", "ImportExcelByParameter\ImportExcelByParameter.csproj", "{8F393442-77C9-405F-A0A7-208A53E9B389}"
EndProject
Project("{2150E333-8FDC-42A3-9474-1A3956D46DE8}") = "General", "General", "{0C224346-C1FF-4378-9604-7A42BAC64D2B}"
EndProject
Project("{FAE04EC0-301F-11D3-BF4B-00C04F79EFBC}") = "ActiveView", "ActiveView\ActiveView.csproj", "{8CD358BB-9032-4846-8165-FEA9FBA0B3FA}"
EndProject
Project("{2150E333-8FDC-42A3-9474-1A3956D46DE8}") = "MEP", "MEP", "{C7E32B2C-18FD-4A33-8C97-F83D480F4D92}"
EndProject
Project("{FAE04EC0-301F-11D3-BF4B-00C04F79EFBC}") = "EngineeringSystems", "EngineeringSystems\EngineeringSystems.csproj", "{B0E33ABF-7D1D-4410-B442-2CD87E520F0C}"
EndProject
Project("{FAE04EC0-301F-11D3-BF4B-00C04F79EFBC}") = "LevelByFloor", "LevelByFloor\LevelByFloor.csproj", "{0A00E227-E0E0-48D6-9580-26ADD9126167}"
EndProject
Project("{FAE04EC0-301F-11D3-BF4B-00C04F79EFBC}") = "ExporterModels", "ExporterModels\ExporterModels.csproj", "{E5DC5158-6D6F-4E82-A786-B3AA60F4F1AB}"
EndProject
Project("{2150E333-8FDC-42A3-9474-1A3956D46DE8}") = "BIM", "BIM", "{D0F06532-D27E-4487-844A-E1913E2FEEA5}"
EndProject
Project("{FAE04EC0-301F-11D3-BF4B-00C04F79EFBC}") = "WorkSetLinkFiles", "WorkSetLinkFiles\WorkSetLinkFiles.csproj", "{ED6A093D-E297-4C1D-B4E9-4BD47E276FEC}"
EndProject
Project("{2150E333-8FDC-42A3-9474-1A3956D46DE8}") = "Setup", "Setup", "{86D35AD4-3D78-4AA3-9AC8-7E669285A40B}"
EndProject
Project("{FAE04EC0-301F-11D3-BF4B-00C04F79EFBC}") = "Setup", "Setup\Setup.csproj", "{E0A3759B-ACDD-4E4B-9488-9E7FC4F1758B}"
EndProject
Project("{FAE04EC0-301F-11D3-BF4B-00C04F79EFBC}") = "SortingCategories", "SortingCategories\SortingCategories.csproj", "{1300DA82-71AC-4513-AD48-F3BCC7585427}"
EndProject
Global
	GlobalSection(SolutionConfigurationPlatforms) = preSolution
		Debug R20|Any CPU = Debug R20|Any CPU
		Debug R21|Any CPU = Debug R21|Any CPU
		Debug R22|Any CPU = Debug R22|Any CPU
		Debug R23|Any CPU = Debug R23|Any CPU
		Debug R24|Any CPU = Debug R24|Any CPU
		Debug R25|Any CPU = Debug R25|Any CPU
		Debug|Any CPU = Debug|Any CPU
		Release R20|Any CPU = Release R20|Any CPU
		Release R21|Any CPU = Release R21|Any CPU
		Release R22|Any CPU = Release R22|Any CPU
		Release R23|Any CPU = Release R23|Any CPU
		Release R24|Any CPU = Release R24|Any CPU
		Release R25|Any CPU = Release R25|Any CPU
		Release|Any CPU = Release|Any CPU
	EndGlobalSection
	GlobalSection(ProjectConfigurationPlatforms) = postSolution
		{28584587-AEFD-415D-AEE2-028D7321E908}.Debug R20|Any CPU.ActiveCfg = Debug R20|Any CPU
		{28584587-AEFD-415D-AEE2-028D7321E908}.Debug R20|Any CPU.Build.0 = Debug R20|Any CPU
		{28584587-AEFD-415D-AEE2-028D7321E908}.Debug R21|Any CPU.ActiveCfg = Debug R21|Any CPU
		{28584587-AEFD-415D-AEE2-028D7321E908}.Debug R21|Any CPU.Build.0 = Debug R21|Any CPU
		{28584587-AEFD-415D-AEE2-028D7321E908}.Debug R22|Any CPU.ActiveCfg = Debug R22|Any CPU
		{28584587-AEFD-415D-AEE2-028D7321E908}.Debug R22|Any CPU.Build.0 = Debug R22|Any CPU
		{28584587-AEFD-415D-AEE2-028D7321E908}.Debug R23|Any CPU.ActiveCfg = Debug R23|Any CPU
		{28584587-AEFD-415D-AEE2-028D7321E908}.Debug R23|Any CPU.Build.0 = Debug R23|Any CPU
		{28584587-AEFD-415D-AEE2-028D7321E908}.Debug R24|Any CPU.ActiveCfg = Debug R24|Any CPU
		{28584587-AEFD-415D-AEE2-028D7321E908}.Debug R24|Any CPU.Build.0 = Debug R24|Any CPU
		{28584587-AEFD-415D-AEE2-028D7321E908}.Debug R25|Any CPU.ActiveCfg = Debug R25|Any CPU
		{28584587-AEFD-415D-AEE2-028D7321E908}.Debug R25|Any CPU.Build.0 = Debug R25|Any CPU
		{28584587-AEFD-415D-AEE2-028D7321E908}.Release R20|Any CPU.ActiveCfg = Release R20|Any CPU
		{28584587-AEFD-415D-AEE2-028D7321E908}.Release R20|Any CPU.Build.0 = Release R20|Any CPU
		{28584587-AEFD-415D-AEE2-028D7321E908}.Release R21|Any CPU.ActiveCfg = Release R21|Any CPU
		{28584587-AEFD-415D-AEE2-028D7321E908}.Release R21|Any CPU.Build.0 = Release R21|Any CPU
		{28584587-AEFD-415D-AEE2-028D7321E908}.Release R22|Any CPU.ActiveCfg = Release R22|Any CPU
		{28584587-AEFD-415D-AEE2-028D7321E908}.Release R22|Any CPU.Build.0 = Release R22|Any CPU
		{28584587-AEFD-415D-AEE2-028D7321E908}.Release R24|Any CPU.ActiveCfg = Release R24|Any CPU
		{28584587-AEFD-415D-AEE2-028D7321E908}.Release R24|Any CPU.Build.0 = Release R24|Any CPU
		{28584587-AEFD-415D-AEE2-028D7321E908}.Release R25|Any CPU.ActiveCfg = Release R25|Any CPU
		{28584587-AEFD-415D-AEE2-028D7321E908}.Release R25|Any CPU.Build.0 = Release R25|Any CPU
		{28584587-AEFD-415D-AEE2-028D7321E908}.Release|Any CPU.ActiveCfg = Release R23|Any CPU
		{28584587-AEFD-415D-AEE2-028D7321E908}.Release|Any CPU.Build.0 = Release R23|Any CPU
		{28584587-AEFD-415D-AEE2-028D7321E908}.Debug|Any CPU.ActiveCfg = Release R21|Any CPU
		{28584587-AEFD-415D-AEE2-028D7321E908}.Debug|Any CPU.Build.0 = Release R21|Any CPU
		{28584587-AEFD-415D-AEE2-028D7321E908}.Release R23|Any CPU.ActiveCfg = Release R23|Any CPU
		{28584587-AEFD-415D-AEE2-028D7321E908}.Release R23|Any CPU.Build.0 = Release R23|Any CPU
		{1E6FE382-8036-4CDB-9B5F-32FA791B3B35}.Debug R20|Any CPU.ActiveCfg = Debug R20|Any CPU
		{1E6FE382-8036-4CDB-9B5F-32FA791B3B35}.Debug R20|Any CPU.Build.0 = Debug R20|Any CPU
		{1E6FE382-8036-4CDB-9B5F-32FA791B3B35}.Debug R21|Any CPU.ActiveCfg = Debug R21|Any CPU
		{1E6FE382-8036-4CDB-9B5F-32FA791B3B35}.Debug R21|Any CPU.Build.0 = Debug R21|Any CPU
		{1E6FE382-8036-4CDB-9B5F-32FA791B3B35}.Debug R22|Any CPU.ActiveCfg = Debug R22|Any CPU
		{1E6FE382-8036-4CDB-9B5F-32FA791B3B35}.Debug R22|Any CPU.Build.0 = Debug R22|Any CPU
		{1E6FE382-8036-4CDB-9B5F-32FA791B3B35}.Debug R23|Any CPU.ActiveCfg = Debug R23|Any CPU
		{1E6FE382-8036-4CDB-9B5F-32FA791B3B35}.Debug R23|Any CPU.Build.0 = Debug R23|Any CPU
		{1E6FE382-8036-4CDB-9B5F-32FA791B3B35}.Debug R24|Any CPU.ActiveCfg = Debug R24|Any CPU
		{1E6FE382-8036-4CDB-9B5F-32FA791B3B35}.Debug R24|Any CPU.Build.0 = Debug R24|Any CPU
		{1E6FE382-8036-4CDB-9B5F-32FA791B3B35}.Debug R25|Any CPU.ActiveCfg = Debug R25|Any CPU
		{1E6FE382-8036-4CDB-9B5F-32FA791B3B35}.Debug R25|Any CPU.Build.0 = Debug R25|Any CPU
		{1E6FE382-8036-4CDB-9B5F-32FA791B3B35}.Debug|Any CPU.ActiveCfg = Debug R20|Any CPU
		{1E6FE382-8036-4CDB-9B5F-32FA791B3B35}.Debug|Any CPU.Build.0 = Debug R20|Any CPU
		{1E6FE382-8036-4CDB-9B5F-32FA791B3B35}.Release R20|Any CPU.ActiveCfg = Release R20|Any CPU
		{1E6FE382-8036-4CDB-9B5F-32FA791B3B35}.Release R20|Any CPU.Build.0 = Release R20|Any CPU
		{1E6FE382-8036-4CDB-9B5F-32FA791B3B35}.Release R21|Any CPU.ActiveCfg = Release R21|Any CPU
		{1E6FE382-8036-4CDB-9B5F-32FA791B3B35}.Release R21|Any CPU.Build.0 = Release R21|Any CPU
		{1E6FE382-8036-4CDB-9B5F-32FA791B3B35}.Release R22|Any CPU.ActiveCfg = Release R22|Any CPU
		{1E6FE382-8036-4CDB-9B5F-32FA791B3B35}.Release R22|Any CPU.Build.0 = Release R22|Any CPU
		{1E6FE382-8036-4CDB-9B5F-32FA791B3B35}.Release R23|Any CPU.ActiveCfg = Release R23|Any CPU
		{1E6FE382-8036-4CDB-9B5F-32FA791B3B35}.Release R23|Any CPU.Build.0 = Release R23|Any CPU
		{1E6FE382-8036-4CDB-9B5F-32FA791B3B35}.Release R24|Any CPU.ActiveCfg = Release R24|Any CPU
		{1E6FE382-8036-4CDB-9B5F-32FA791B3B35}.Release R24|Any CPU.Build.0 = Release R24|Any CPU
		{1E6FE382-8036-4CDB-9B5F-32FA791B3B35}.Release R25|Any CPU.ActiveCfg = Release R25|Any CPU
		{1E6FE382-8036-4CDB-9B5F-32FA791B3B35}.Release R25|Any CPU.Build.0 = Release R25|Any CPU
		{1E6FE382-8036-4CDB-9B5F-32FA791B3B35}.Release|Any CPU.ActiveCfg = Debug R20|Any CPU
		{1E6FE382-8036-4CDB-9B5F-32FA791B3B35}.Release|Any CPU.Build.0 = Debug R20|Any CPU
		{08BA8657-054C-40BF-B4E7-04EF6F7CB284}.Debug R20|Any CPU.ActiveCfg = Debug R20|Any CPU
		{08BA8657-054C-40BF-B4E7-04EF6F7CB284}.Debug R20|Any CPU.Build.0 = Debug R20|Any CPU
		{08BA8657-054C-40BF-B4E7-04EF6F7CB284}.Debug R21|Any CPU.ActiveCfg = Debug R21|Any CPU
		{08BA8657-054C-40BF-B4E7-04EF6F7CB284}.Debug R21|Any CPU.Build.0 = Debug R21|Any CPU
		{08BA8657-054C-40BF-B4E7-04EF6F7CB284}.Debug R22|Any CPU.ActiveCfg = Debug R22|Any CPU
		{08BA8657-054C-40BF-B4E7-04EF6F7CB284}.Debug R22|Any CPU.Build.0 = Debug R22|Any CPU
		{08BA8657-054C-40BF-B4E7-04EF6F7CB284}.Debug R23|Any CPU.ActiveCfg = Debug R23|Any CPU
		{08BA8657-054C-40BF-B4E7-04EF6F7CB284}.Debug R23|Any CPU.Build.0 = Debug R23|Any CPU
		{08BA8657-054C-40BF-B4E7-04EF6F7CB284}.Debug R24|Any CPU.ActiveCfg = Debug R24|Any CPU
		{08BA8657-054C-40BF-B4E7-04EF6F7CB284}.Debug R24|Any CPU.Build.0 = Debug R24|Any CPU
		{08BA8657-054C-40BF-B4E7-04EF6F7CB284}.Debug R25|Any CPU.ActiveCfg = Debug R25|Any CPU
		{08BA8657-054C-40BF-B4E7-04EF6F7CB284}.Debug R25|Any CPU.Build.0 = Debug R25|Any CPU
		{08BA8657-054C-40BF-B4E7-04EF6F7CB284}.Debug|Any CPU.ActiveCfg = Debug R20|Any CPU
		{08BA8657-054C-40BF-B4E7-04EF6F7CB284}.Debug|Any CPU.Build.0 = Debug R20|Any CPU
		{08BA8657-054C-40BF-B4E7-04EF6F7CB284}.Release R20|Any CPU.ActiveCfg = Release R20|Any CPU
		{08BA8657-054C-40BF-B4E7-04EF6F7CB284}.Release R20|Any CPU.Build.0 = Release R20|Any CPU
		{08BA8657-054C-40BF-B4E7-04EF6F7CB284}.Release R21|Any CPU.ActiveCfg = Release R21|Any CPU
		{08BA8657-054C-40BF-B4E7-04EF6F7CB284}.Release R21|Any CPU.Build.0 = Release R21|Any CPU
		{08BA8657-054C-40BF-B4E7-04EF6F7CB284}.Release R22|Any CPU.ActiveCfg = Release R22|Any CPU
		{08BA8657-054C-40BF-B4E7-04EF6F7CB284}.Release R22|Any CPU.Build.0 = Release R22|Any CPU
		{08BA8657-054C-40BF-B4E7-04EF6F7CB284}.Release R23|Any CPU.ActiveCfg = Release R23|Any CPU
		{08BA8657-054C-40BF-B4E7-04EF6F7CB284}.Release R23|Any CPU.Build.0 = Release R23|Any CPU
		{08BA8657-054C-40BF-B4E7-04EF6F7CB284}.Release R24|Any CPU.ActiveCfg = Release R24|Any CPU
		{08BA8657-054C-40BF-B4E7-04EF6F7CB284}.Release R24|Any CPU.Build.0 = Release R24|Any CPU
		{08BA8657-054C-40BF-B4E7-04EF6F7CB284}.Release R25|Any CPU.ActiveCfg = Release R25|Any CPU
		{08BA8657-054C-40BF-B4E7-04EF6F7CB284}.Release R25|Any CPU.Build.0 = Release R25|Any CPU
		{08BA8657-054C-40BF-B4E7-04EF6F7CB284}.Release|Any CPU.ActiveCfg = Debug R20|Any CPU
		{08BA8657-054C-40BF-B4E7-04EF6F7CB284}.Release|Any CPU.Build.0 = Debug R20|Any CPU
		{2B56225B-6803-4B77-BDB2-2C7116B4932F}.Debug R20|Any CPU.ActiveCfg = Debug R20|Any CPU
		{2B56225B-6803-4B77-BDB2-2C7116B4932F}.Debug R20|Any CPU.Build.0 = Debug R20|Any CPU
		{2B56225B-6803-4B77-BDB2-2C7116B4932F}.Debug R21|Any CPU.ActiveCfg = Debug R21|Any CPU
		{2B56225B-6803-4B77-BDB2-2C7116B4932F}.Debug R21|Any CPU.Build.0 = Debug R21|Any CPU
		{2B56225B-6803-4B77-BDB2-2C7116B4932F}.Debug R22|Any CPU.ActiveCfg = Debug R22|Any CPU
		{2B56225B-6803-4B77-BDB2-2C7116B4932F}.Debug R22|Any CPU.Build.0 = Debug R22|Any CPU
		{2B56225B-6803-4B77-BDB2-2C7116B4932F}.Debug R23|Any CPU.ActiveCfg = Debug R23|Any CPU
		{2B56225B-6803-4B77-BDB2-2C7116B4932F}.Debug R23|Any CPU.Build.0 = Debug R23|Any CPU
		{2B56225B-6803-4B77-BDB2-2C7116B4932F}.Debug R24|Any CPU.ActiveCfg = Debug R24|Any CPU
		{2B56225B-6803-4B77-BDB2-2C7116B4932F}.Debug R24|Any CPU.Build.0 = Debug R24|Any CPU
		{2B56225B-6803-4B77-BDB2-2C7116B4932F}.Debug R25|Any CPU.ActiveCfg = Debug R25|Any CPU
		{2B56225B-6803-4B77-BDB2-2C7116B4932F}.Debug R25|Any CPU.Build.0 = Debug R25|Any CPU
		{2B56225B-6803-4B77-BDB2-2C7116B4932F}.Debug|Any CPU.ActiveCfg = Debug R20|Any CPU
		{2B56225B-6803-4B77-BDB2-2C7116B4932F}.Debug|Any CPU.Build.0 = Debug R20|Any CPU
		{2B56225B-6803-4B77-BDB2-2C7116B4932F}.Release R20|Any CPU.ActiveCfg = Release R20|Any CPU
		{2B56225B-6803-4B77-BDB2-2C7116B4932F}.Release R20|Any CPU.Build.0 = Release R20|Any CPU
		{2B56225B-6803-4B77-BDB2-2C7116B4932F}.Release R21|Any CPU.ActiveCfg = Release R21|Any CPU
		{2B56225B-6803-4B77-BDB2-2C7116B4932F}.Release R21|Any CPU.Build.0 = Release R21|Any CPU
		{2B56225B-6803-4B77-BDB2-2C7116B4932F}.Release R22|Any CPU.ActiveCfg = Release R22|Any CPU
		{2B56225B-6803-4B77-BDB2-2C7116B4932F}.Release R22|Any CPU.Build.0 = Release R22|Any CPU
		{2B56225B-6803-4B77-BDB2-2C7116B4932F}.Release R23|Any CPU.ActiveCfg = Release R23|Any CPU
		{2B56225B-6803-4B77-BDB2-2C7116B4932F}.Release R23|Any CPU.Build.0 = Release R23|Any CPU
		{2B56225B-6803-4B77-BDB2-2C7116B4932F}.Release R24|Any CPU.ActiveCfg = Release R24|Any CPU
		{2B56225B-6803-4B77-BDB2-2C7116B4932F}.Release R24|Any CPU.Build.0 = Release R24|Any CPU
		{2B56225B-6803-4B77-BDB2-2C7116B4932F}.Release R25|Any CPU.ActiveCfg = Release R25|Any CPU
		{2B56225B-6803-4B77-BDB2-2C7116B4932F}.Release R25|Any CPU.Build.0 = Release R25|Any CPU
		{2B56225B-6803-4B77-BDB2-2C7116B4932F}.Release|Any CPU.ActiveCfg = Debug R20|Any CPU
		{2B56225B-6803-4B77-BDB2-2C7116B4932F}.Release|Any CPU.Build.0 = Debug R20|Any CPU
		{DB9C6E1F-B36D-4987-BF92-E60D6D6C3CD1}.Debug R20|Any CPU.ActiveCfg = Debug R20|Any CPU
		{DB9C6E1F-B36D-4987-BF92-E60D6D6C3CD1}.Debug R20|Any CPU.Build.0 = Debug R20|Any CPU
		{DB9C6E1F-B36D-4987-BF92-E60D6D6C3CD1}.Debug R21|Any CPU.ActiveCfg = Debug R21|Any CPU
		{DB9C6E1F-B36D-4987-BF92-E60D6D6C3CD1}.Debug R21|Any CPU.Build.0 = Debug R21|Any CPU
		{DB9C6E1F-B36D-4987-BF92-E60D6D6C3CD1}.Debug R22|Any CPU.ActiveCfg = Debug R22|Any CPU
		{DB9C6E1F-B36D-4987-BF92-E60D6D6C3CD1}.Debug R22|Any CPU.Build.0 = Debug R22|Any CPU
		{DB9C6E1F-B36D-4987-BF92-E60D6D6C3CD1}.Debug R23|Any CPU.ActiveCfg = Debug R23|Any CPU
		{DB9C6E1F-B36D-4987-BF92-E60D6D6C3CD1}.Debug R23|Any CPU.Build.0 = Debug R23|Any CPU
		{DB9C6E1F-B36D-4987-BF92-E60D6D6C3CD1}.Debug R24|Any CPU.ActiveCfg = Debug R24|Any CPU
		{DB9C6E1F-B36D-4987-BF92-E60D6D6C3CD1}.Debug R24|Any CPU.Build.0 = Debug R24|Any CPU
		{DB9C6E1F-B36D-4987-BF92-E60D6D6C3CD1}.Debug R25|Any CPU.ActiveCfg = Debug R25|Any CPU
		{DB9C6E1F-B36D-4987-BF92-E60D6D6C3CD1}.Debug R25|Any CPU.Build.0 = Debug R25|Any CPU
		{DB9C6E1F-B36D-4987-BF92-E60D6D6C3CD1}.Debug|Any CPU.ActiveCfg = Debug R20|Any CPU
		{DB9C6E1F-B36D-4987-BF92-E60D6D6C3CD1}.Debug|Any CPU.Build.0 = Debug R20|Any CPU
		{DB9C6E1F-B36D-4987-BF92-E60D6D6C3CD1}.Release R20|Any CPU.ActiveCfg = Release R20|Any CPU
		{DB9C6E1F-B36D-4987-BF92-E60D6D6C3CD1}.Release R20|Any CPU.Build.0 = Release R20|Any CPU
		{DB9C6E1F-B36D-4987-BF92-E60D6D6C3CD1}.Release R21|Any CPU.ActiveCfg = Release R21|Any CPU
		{DB9C6E1F-B36D-4987-BF92-E60D6D6C3CD1}.Release R21|Any CPU.Build.0 = Release R21|Any CPU
		{DB9C6E1F-B36D-4987-BF92-E60D6D6C3CD1}.Release R22|Any CPU.ActiveCfg = Release R22|Any CPU
		{DB9C6E1F-B36D-4987-BF92-E60D6D6C3CD1}.Release R22|Any CPU.Build.0 = Release R22|Any CPU
		{DB9C6E1F-B36D-4987-BF92-E60D6D6C3CD1}.Release R23|Any CPU.ActiveCfg = Release R23|Any CPU
		{DB9C6E1F-B36D-4987-BF92-E60D6D6C3CD1}.Release R23|Any CPU.Build.0 = Release R23|Any CPU
		{DB9C6E1F-B36D-4987-BF92-E60D6D6C3CD1}.Release R24|Any CPU.ActiveCfg = Release R24|Any CPU
		{DB9C6E1F-B36D-4987-BF92-E60D6D6C3CD1}.Release R24|Any CPU.Build.0 = Release R24|Any CPU
		{DB9C6E1F-B36D-4987-BF92-E60D6D6C3CD1}.Release R25|Any CPU.ActiveCfg = Release R25|Any CPU
		{DB9C6E1F-B36D-4987-BF92-E60D6D6C3CD1}.Release R25|Any CPU.Build.0 = Release R25|Any CPU
		{DB9C6E1F-B36D-4987-BF92-E60D6D6C3CD1}.Release|Any CPU.ActiveCfg = Debug R20|Any CPU
		{DB9C6E1F-B36D-4987-BF92-E60D6D6C3CD1}.Release|Any CPU.Build.0 = Debug R20|Any CPU
		{6E6B2DD8-ABF6-40FF-A380-DEC815C0ED57}.Debug R20|Any CPU.ActiveCfg = Debug R20|Any CPU
		{6E6B2DD8-ABF6-40FF-A380-DEC815C0ED57}.Debug R20|Any CPU.Build.0 = Debug R20|Any CPU
		{6E6B2DD8-ABF6-40FF-A380-DEC815C0ED57}.Debug R21|Any CPU.ActiveCfg = Debug R21|Any CPU
		{6E6B2DD8-ABF6-40FF-A380-DEC815C0ED57}.Debug R21|Any CPU.Build.0 = Debug R21|Any CPU
		{6E6B2DD8-ABF6-40FF-A380-DEC815C0ED57}.Debug R22|Any CPU.ActiveCfg = Debug R22|Any CPU
		{6E6B2DD8-ABF6-40FF-A380-DEC815C0ED57}.Debug R22|Any CPU.Build.0 = Debug R22|Any CPU
		{6E6B2DD8-ABF6-40FF-A380-DEC815C0ED57}.Debug R23|Any CPU.ActiveCfg = Debug R23|Any CPU
		{6E6B2DD8-ABF6-40FF-A380-DEC815C0ED57}.Debug R23|Any CPU.Build.0 = Debug R23|Any CPU
		{6E6B2DD8-ABF6-40FF-A380-DEC815C0ED57}.Debug R24|Any CPU.ActiveCfg = Debug R24|Any CPU
		{6E6B2DD8-ABF6-40FF-A380-DEC815C0ED57}.Debug R24|Any CPU.Build.0 = Debug R24|Any CPU
		{6E6B2DD8-ABF6-40FF-A380-DEC815C0ED57}.Debug R25|Any CPU.ActiveCfg = Debug R25|Any CPU
		{6E6B2DD8-ABF6-40FF-A380-DEC815C0ED57}.Debug R25|Any CPU.Build.0 = Debug R25|Any CPU
		{6E6B2DD8-ABF6-40FF-A380-DEC815C0ED57}.Debug|Any CPU.ActiveCfg = Debug R20|Any CPU
		{6E6B2DD8-ABF6-40FF-A380-DEC815C0ED57}.Debug|Any CPU.Build.0 = Debug R20|Any CPU
		{6E6B2DD8-ABF6-40FF-A380-DEC815C0ED57}.Release R20|Any CPU.ActiveCfg = Release R20|Any CPU
		{6E6B2DD8-ABF6-40FF-A380-DEC815C0ED57}.Release R20|Any CPU.Build.0 = Release R20|Any CPU
		{6E6B2DD8-ABF6-40FF-A380-DEC815C0ED57}.Release R21|Any CPU.ActiveCfg = Release R21|Any CPU
		{6E6B2DD8-ABF6-40FF-A380-DEC815C0ED57}.Release R21|Any CPU.Build.0 = Release R21|Any CPU
		{6E6B2DD8-ABF6-40FF-A380-DEC815C0ED57}.Release R22|Any CPU.ActiveCfg = Release R22|Any CPU
		{6E6B2DD8-ABF6-40FF-A380-DEC815C0ED57}.Release R22|Any CPU.Build.0 = Release R22|Any CPU
		{6E6B2DD8-ABF6-40FF-A380-DEC815C0ED57}.Release R23|Any CPU.ActiveCfg = Release R23|Any CPU
		{6E6B2DD8-ABF6-40FF-A380-DEC815C0ED57}.Release R23|Any CPU.Build.0 = Release R23|Any CPU
		{6E6B2DD8-ABF6-40FF-A380-DEC815C0ED57}.Release R24|Any CPU.ActiveCfg = Release R24|Any CPU
		{6E6B2DD8-ABF6-40FF-A380-DEC815C0ED57}.Release R24|Any CPU.Build.0 = Release R24|Any CPU
		{6E6B2DD8-ABF6-40FF-A380-DEC815C0ED57}.Release R25|Any CPU.ActiveCfg = Release R25|Any CPU
		{6E6B2DD8-ABF6-40FF-A380-DEC815C0ED57}.Release R25|Any CPU.Build.0 = Release R25|Any CPU
		{6E6B2DD8-ABF6-40FF-A380-DEC815C0ED57}.Release|Any CPU.ActiveCfg = Debug R20|Any CPU
		{6E6B2DD8-ABF6-40FF-A380-DEC815C0ED57}.Release|Any CPU.Build.0 = Debug R20|Any CPU
		{BDEE41C4-81F3-4593-9204-FFA180324535}.Debug|Any CPU.ActiveCfg = Debug R20|Any CPU
		{BDEE41C4-81F3-4593-9204-FFA180324535}.Debug|Any CPU.Build.0 = Debug R20|Any CPU
		{BDEE41C4-81F3-4593-9204-FFA180324535}.Debug R21|Any CPU.ActiveCfg = Debug R21|Any CPU
		{BDEE41C4-81F3-4593-9204-FFA180324535}.Debug R21|Any CPU.Build.0 = Debug R21|Any CPU
		{BDEE41C4-81F3-4593-9204-FFA180324535}.Debug R22|Any CPU.ActiveCfg = Debug R22|Any CPU
		{BDEE41C4-81F3-4593-9204-FFA180324535}.Debug R22|Any CPU.Build.0 = Debug R22|Any CPU
		{BDEE41C4-81F3-4593-9204-FFA180324535}.Debug R23|Any CPU.ActiveCfg = Debug R23|Any CPU
		{BDEE41C4-81F3-4593-9204-FFA180324535}.Debug R23|Any CPU.Build.0 = Debug R23|Any CPU
		{BDEE41C4-81F3-4593-9204-FFA180324535}.Debug R24|Any CPU.ActiveCfg = Debug R24|Any CPU
		{BDEE41C4-81F3-4593-9204-FFA180324535}.Debug R24|Any CPU.Build.0 = Debug R24|Any CPU
		{BDEE41C4-81F3-4593-9204-FFA180324535}.Debug R25|Any CPU.ActiveCfg = Debug R25|Any CPU
		{BDEE41C4-81F3-4593-9204-FFA180324535}.Debug R25|Any CPU.Build.0 = Debug R25|Any CPU
		{BDEE41C4-81F3-4593-9204-FFA180324535}.Release|Any CPU.ActiveCfg = Debug R23|Any CPU
		{BDEE41C4-81F3-4593-9204-FFA180324535}.Release|Any CPU.Build.0 = Debug R23|Any CPU
		{BDEE41C4-81F3-4593-9204-FFA180324535}.Release R20|Any CPU.ActiveCfg = Release R20|Any CPU
		{BDEE41C4-81F3-4593-9204-FFA180324535}.Release R20|Any CPU.Build.0 = Release R20|Any CPU
		{BDEE41C4-81F3-4593-9204-FFA180324535}.Release R21|Any CPU.ActiveCfg = Release R21|Any CPU
		{BDEE41C4-81F3-4593-9204-FFA180324535}.Release R21|Any CPU.Build.0 = Release R21|Any CPU
		{BDEE41C4-81F3-4593-9204-FFA180324535}.Release R22|Any CPU.ActiveCfg = Release R22|Any CPU
		{BDEE41C4-81F3-4593-9204-FFA180324535}.Release R22|Any CPU.Build.0 = Release R22|Any CPU
		{BDEE41C4-81F3-4593-9204-FFA180324535}.Release R23|Any CPU.ActiveCfg = Release R23|Any CPU
		{BDEE41C4-81F3-4593-9204-FFA180324535}.Release R23|Any CPU.Build.0 = Release R23|Any CPU
		{BDEE41C4-81F3-4593-9204-FFA180324535}.Release R24|Any CPU.ActiveCfg = Release R24|Any CPU
		{BDEE41C4-81F3-4593-9204-FFA180324535}.Release R24|Any CPU.Build.0 = Release R24|Any CPU
		{BDEE41C4-81F3-4593-9204-FFA180324535}.Release R25|Any CPU.ActiveCfg = Release R25|Any CPU
		{BDEE41C4-81F3-4593-9204-FFA180324535}.Release R25|Any CPU.Build.0 = Release R25|Any CPU
		{BDEE41C4-81F3-4593-9204-FFA180324535}.Debug R20|Any CPU.ActiveCfg = Debug R20|Any CPU
		{BDEE41C4-81F3-4593-9204-FFA180324535}.Debug R20|Any CPU.Build.0 = Debug R20|Any CPU
		{13882C15-33F8-4210-B493-A1BEF83DEFC6}.Debug R20|Any CPU.ActiveCfg = Debug R20|Any CPU
		{13882C15-33F8-4210-B493-A1BEF83DEFC6}.Debug R20|Any CPU.Build.0 = Debug R20|Any CPU
		{13882C15-33F8-4210-B493-A1BEF83DEFC6}.Debug R21|Any CPU.ActiveCfg = Debug R21|Any CPU
		{13882C15-33F8-4210-B493-A1BEF83DEFC6}.Debug R21|Any CPU.Build.0 = Debug R21|Any CPU
		{13882C15-33F8-4210-B493-A1BEF83DEFC6}.Debug R22|Any CPU.ActiveCfg = Debug R22|Any CPU
		{13882C15-33F8-4210-B493-A1BEF83DEFC6}.Debug R22|Any CPU.Build.0 = Debug R22|Any CPU
		{13882C15-33F8-4210-B493-A1BEF83DEFC6}.Debug R23|Any CPU.ActiveCfg = Debug R23|Any CPU
		{13882C15-33F8-4210-B493-A1BEF83DEFC6}.Debug R23|Any CPU.Build.0 = Debug R23|Any CPU
		{13882C15-33F8-4210-B493-A1BEF83DEFC6}.Debug R24|Any CPU.ActiveCfg = Debug R24|Any CPU
		{13882C15-33F8-4210-B493-A1BEF83DEFC6}.Debug R24|Any CPU.Build.0 = Debug R24|Any CPU
		{13882C15-33F8-4210-B493-A1BEF83DEFC6}.Debug R25|Any CPU.ActiveCfg = Debug R25|Any CPU
		{13882C15-33F8-4210-B493-A1BEF83DEFC6}.Debug R25|Any CPU.Build.0 = Debug R25|Any CPU
		{13882C15-33F8-4210-B493-A1BEF83DEFC6}.Debug|Any CPU.ActiveCfg = Debug R20|Any CPU
		{13882C15-33F8-4210-B493-A1BEF83DEFC6}.Debug|Any CPU.Build.0 = Debug R20|Any CPU
		{13882C15-33F8-4210-B493-A1BEF83DEFC6}.Release R20|Any CPU.ActiveCfg = Release R20|Any CPU
		{13882C15-33F8-4210-B493-A1BEF83DEFC6}.Release R20|Any CPU.Build.0 = Release R20|Any CPU
		{13882C15-33F8-4210-B493-A1BEF83DEFC6}.Release R21|Any CPU.ActiveCfg = Release R21|Any CPU
		{13882C15-33F8-4210-B493-A1BEF83DEFC6}.Release R21|Any CPU.Build.0 = Release R21|Any CPU
		{13882C15-33F8-4210-B493-A1BEF83DEFC6}.Release R22|Any CPU.ActiveCfg = Release R22|Any CPU
		{13882C15-33F8-4210-B493-A1BEF83DEFC6}.Release R22|Any CPU.Build.0 = Release R22|Any CPU
		{13882C15-33F8-4210-B493-A1BEF83DEFC6}.Release R23|Any CPU.ActiveCfg = Release R23|Any CPU
		{13882C15-33F8-4210-B493-A1BEF83DEFC6}.Release R23|Any CPU.Build.0 = Release R23|Any CPU
		{13882C15-33F8-4210-B493-A1BEF83DEFC6}.Release R24|Any CPU.ActiveCfg = Release R24|Any CPU
		{13882C15-33F8-4210-B493-A1BEF83DEFC6}.Release R24|Any CPU.Build.0 = Release R24|Any CPU
		{13882C15-33F8-4210-B493-A1BEF83DEFC6}.Release R25|Any CPU.ActiveCfg = Release R25|Any CPU
		{13882C15-33F8-4210-B493-A1BEF83DEFC6}.Release R25|Any CPU.Build.0 = Release R25|Any CPU
		{13882C15-33F8-4210-B493-A1BEF83DEFC6}.Release|Any CPU.ActiveCfg = Debug R20|Any CPU
		{13882C15-33F8-4210-B493-A1BEF83DEFC6}.Release|Any CPU.Build.0 = Debug R20|Any CPU
		{7DF74D49-C5BB-4A26-9024-06340FA66AEE}.Debug R20|Any CPU.ActiveCfg = Debug R20|Any CPU
		{7DF74D49-C5BB-4A26-9024-06340FA66AEE}.Debug R20|Any CPU.Build.0 = Debug R20|Any CPU
		{7DF74D49-C5BB-4A26-9024-06340FA66AEE}.Debug R21|Any CPU.ActiveCfg = Debug R21|Any CPU
		{7DF74D49-C5BB-4A26-9024-06340FA66AEE}.Debug R21|Any CPU.Build.0 = Debug R21|Any CPU
		{7DF74D49-C5BB-4A26-9024-06340FA66AEE}.Debug R22|Any CPU.ActiveCfg = Debug R22|Any CPU
		{7DF74D49-C5BB-4A26-9024-06340FA66AEE}.Debug R22|Any CPU.Build.0 = Debug R22|Any CPU
		{7DF74D49-C5BB-4A26-9024-06340FA66AEE}.Debug R23|Any CPU.ActiveCfg = Debug R23|Any CPU
		{7DF74D49-C5BB-4A26-9024-06340FA66AEE}.Debug R23|Any CPU.Build.0 = Debug R23|Any CPU
		{7DF74D49-C5BB-4A26-9024-06340FA66AEE}.Debug R24|Any CPU.ActiveCfg = Debug R24|Any CPU
		{7DF74D49-C5BB-4A26-9024-06340FA66AEE}.Debug R24|Any CPU.Build.0 = Debug R24|Any CPU
		{7DF74D49-C5BB-4A26-9024-06340FA66AEE}.Debug R25|Any CPU.ActiveCfg = Debug R25|Any CPU
		{7DF74D49-C5BB-4A26-9024-06340FA66AEE}.Debug R25|Any CPU.Build.0 = Debug R25|Any CPU
		{7DF74D49-C5BB-4A26-9024-06340FA66AEE}.Debug|Any CPU.ActiveCfg = Debug R20|Any CPU
		{7DF74D49-C5BB-4A26-9024-06340FA66AEE}.Debug|Any CPU.Build.0 = Debug R20|Any CPU
		{7DF74D49-C5BB-4A26-9024-06340FA66AEE}.Release R20|Any CPU.ActiveCfg = Release R20|Any CPU
		{7DF74D49-C5BB-4A26-9024-06340FA66AEE}.Release R20|Any CPU.Build.0 = Release R20|Any CPU
		{7DF74D49-C5BB-4A26-9024-06340FA66AEE}.Release R21|Any CPU.ActiveCfg = Release R21|Any CPU
		{7DF74D49-C5BB-4A26-9024-06340FA66AEE}.Release R21|Any CPU.Build.0 = Release R21|Any CPU
		{7DF74D49-C5BB-4A26-9024-06340FA66AEE}.Release R22|Any CPU.ActiveCfg = Release R22|Any CPU
		{7DF74D49-C5BB-4A26-9024-06340FA66AEE}.Release R22|Any CPU.Build.0 = Release R22|Any CPU
		{7DF74D49-C5BB-4A26-9024-06340FA66AEE}.Release R23|Any CPU.ActiveCfg = Release R23|Any CPU
		{7DF74D49-C5BB-4A26-9024-06340FA66AEE}.Release R23|Any CPU.Build.0 = Release R23|Any CPU
		{7DF74D49-C5BB-4A26-9024-06340FA66AEE}.Release R24|Any CPU.ActiveCfg = Release R24|Any CPU
		{7DF74D49-C5BB-4A26-9024-06340FA66AEE}.Release R24|Any CPU.Build.0 = Release R24|Any CPU
		{7DF74D49-C5BB-4A26-9024-06340FA66AEE}.Release R25|Any CPU.ActiveCfg = Release R25|Any CPU
		{7DF74D49-C5BB-4A26-9024-06340FA66AEE}.Release R25|Any CPU.Build.0 = Release R25|Any CPU
		{7DF74D49-C5BB-4A26-9024-06340FA66AEE}.Release|Any CPU.ActiveCfg = Debug R20|Any CPU
		{7DF74D49-C5BB-4A26-9024-06340FA66AEE}.Release|Any CPU.Build.0 = Debug R20|Any CPU
		{55B5983E-F0A2-4DBD-820A-28D86C62F454}.Debug R20|Any CPU.ActiveCfg = Debug R20|Any CPU
		{55B5983E-F0A2-4DBD-820A-28D86C62F454}.Debug R20|Any CPU.Build.0 = Debug R20|Any CPU
		{55B5983E-F0A2-4DBD-820A-28D86C62F454}.Debug R21|Any CPU.ActiveCfg = Debug R21|Any CPU
		{55B5983E-F0A2-4DBD-820A-28D86C62F454}.Debug R21|Any CPU.Build.0 = Debug R21|Any CPU
		{55B5983E-F0A2-4DBD-820A-28D86C62F454}.Debug R22|Any CPU.ActiveCfg = Debug R22|Any CPU
		{55B5983E-F0A2-4DBD-820A-28D86C62F454}.Debug R22|Any CPU.Build.0 = Debug R22|Any CPU
		{55B5983E-F0A2-4DBD-820A-28D86C62F454}.Debug R23|Any CPU.ActiveCfg = Debug R23|Any CPU
		{55B5983E-F0A2-4DBD-820A-28D86C62F454}.Debug R23|Any CPU.Build.0 = Debug R23|Any CPU
		{55B5983E-F0A2-4DBD-820A-28D86C62F454}.Debug R24|Any CPU.ActiveCfg = Debug R24|Any CPU
		{55B5983E-F0A2-4DBD-820A-28D86C62F454}.Debug R24|Any CPU.Build.0 = Debug R24|Any CPU
		{55B5983E-F0A2-4DBD-820A-28D86C62F454}.Debug R25|Any CPU.ActiveCfg = Debug R25|Any CPU
		{55B5983E-F0A2-4DBD-820A-28D86C62F454}.Debug R25|Any CPU.Build.0 = Debug R25|Any CPU
		{55B5983E-F0A2-4DBD-820A-28D86C62F454}.Debug|Any CPU.ActiveCfg = Debug R20|Any CPU
		{55B5983E-F0A2-4DBD-820A-28D86C62F454}.Debug|Any CPU.Build.0 = Debug R20|Any CPU
		{55B5983E-F0A2-4DBD-820A-28D86C62F454}.Release R20|Any CPU.ActiveCfg = Release R20|Any CPU
		{55B5983E-F0A2-4DBD-820A-28D86C62F454}.Release R20|Any CPU.Build.0 = Release R20|Any CPU
		{55B5983E-F0A2-4DBD-820A-28D86C62F454}.Release R21|Any CPU.ActiveCfg = Release R21|Any CPU
		{55B5983E-F0A2-4DBD-820A-28D86C62F454}.Release R21|Any CPU.Build.0 = Release R21|Any CPU
		{55B5983E-F0A2-4DBD-820A-28D86C62F454}.Release R22|Any CPU.ActiveCfg = Release R22|Any CPU
		{55B5983E-F0A2-4DBD-820A-28D86C62F454}.Release R22|Any CPU.Build.0 = Release R22|Any CPU
		{55B5983E-F0A2-4DBD-820A-28D86C62F454}.Release R23|Any CPU.ActiveCfg = Release R23|Any CPU
		{55B5983E-F0A2-4DBD-820A-28D86C62F454}.Release R23|Any CPU.Build.0 = Release R23|Any CPU
		{55B5983E-F0A2-4DBD-820A-28D86C62F454}.Release R24|Any CPU.ActiveCfg = Release R24|Any CPU
		{55B5983E-F0A2-4DBD-820A-28D86C62F454}.Release R24|Any CPU.Build.0 = Release R24|Any CPU
		{55B5983E-F0A2-4DBD-820A-28D86C62F454}.Release R25|Any CPU.ActiveCfg = Release R25|Any CPU
		{55B5983E-F0A2-4DBD-820A-28D86C62F454}.Release R25|Any CPU.Build.0 = Release R25|Any CPU
		{55B5983E-F0A2-4DBD-820A-28D86C62F454}.Release|Any CPU.ActiveCfg = Debug R20|Any CPU
		{55B5983E-F0A2-4DBD-820A-28D86C62F454}.Release|Any CPU.Build.0 = Debug R20|Any CPU
		{52A847B1-D2E8-4D72-9814-07C641B2D684}.Debug R21|Any CPU.ActiveCfg = Debug|Any CPU
		{52A847B1-D2E8-4D72-9814-07C641B2D684}.Debug R21|Any CPU.Build.0 = Debug|Any CPU
		{52A847B1-D2E8-4D72-9814-07C641B2D684}.Debug R24|Any CPU.ActiveCfg = Debug|Any CPU
		{52A847B1-D2E8-4D72-9814-07C641B2D684}.Debug R24|Any CPU.Build.0 = Debug|Any CPU
		{52A847B1-D2E8-4D72-9814-07C641B2D684}.Debug R25|Any CPU.ActiveCfg = Debug|Any CPU
		{52A847B1-D2E8-4D72-9814-07C641B2D684}.Debug R25|Any CPU.Build.0 = Debug|Any CPU
		{52A847B1-D2E8-4D72-9814-07C641B2D684}.Debug|Any CPU.ActiveCfg = Debug|Any CPU
		{52A847B1-D2E8-4D72-9814-07C641B2D684}.Debug|Any CPU.Build.0 = Debug|Any CPU
		{52A847B1-D2E8-4D72-9814-07C641B2D684}.Release R20|Any CPU.ActiveCfg = Debug|Any CPU
		{52A847B1-D2E8-4D72-9814-07C641B2D684}.Release R20|Any CPU.Build.0 = Debug|Any CPU
		{52A847B1-D2E8-4D72-9814-07C641B2D684}.Release R24|Any CPU.ActiveCfg = Debug|Any CPU
		{52A847B1-D2E8-4D72-9814-07C641B2D684}.Release R24|Any CPU.Build.0 = Debug|Any CPU
		{52A847B1-D2E8-4D72-9814-07C641B2D684}.Release R25|Any CPU.ActiveCfg = Debug|Any CPU
		{52A847B1-D2E8-4D72-9814-07C641B2D684}.Release R25|Any CPU.Build.0 = Debug|Any CPU
		{52A847B1-D2E8-4D72-9814-07C641B2D684}.Release|Any CPU.ActiveCfg = Release|Any CPU
		{52A847B1-D2E8-4D72-9814-07C641B2D684}.Release|Any CPU.Build.0 = Release|Any CPU
		{52A847B1-D2E8-4D72-9814-07C641B2D684}.Release R22|Any CPU.ActiveCfg = Release R22|Any CPU
		{52A847B1-D2E8-4D72-9814-07C641B2D684}.Release R22|Any CPU.Build.0 = Release R22|Any CPU
		{52A847B1-D2E8-4D72-9814-07C641B2D684}.Debug R22|Any CPU.ActiveCfg = Debug R22|Any CPU
		{52A847B1-D2E8-4D72-9814-07C641B2D684}.Debug R22|Any CPU.Build.0 = Debug R22|Any CPU
		{52A847B1-D2E8-4D72-9814-07C641B2D684}.Debug R20|Any CPU.ActiveCfg = Debug R20|Any CPU
		{52A847B1-D2E8-4D72-9814-07C641B2D684}.Debug R20|Any CPU.Build.0 = Debug R20|Any CPU
		{52A847B1-D2E8-4D72-9814-07C641B2D684}.Release R21|Any CPU.ActiveCfg = Release R21|Any CPU
		{52A847B1-D2E8-4D72-9814-07C641B2D684}.Release R21|Any CPU.Build.0 = Release R21|Any CPU
		{52A847B1-D2E8-4D72-9814-07C641B2D684}.Debug R23|Any CPU.ActiveCfg = Debug R23|Any CPU
		{52A847B1-D2E8-4D72-9814-07C641B2D684}.Debug R23|Any CPU.Build.0 = Debug R23|Any CPU
		{52A847B1-D2E8-4D72-9814-07C641B2D684}.Release R23|Any CPU.ActiveCfg = Release R23|Any CPU
		{52A847B1-D2E8-4D72-9814-07C641B2D684}.Release R23|Any CPU.Build.0 = Release R23|Any CPU
		{8F393442-77C9-405F-A0A7-208A53E9B389}.Debug R20|Any CPU.ActiveCfg = Debug R20|Any CPU
		{8F393442-77C9-405F-A0A7-208A53E9B389}.Debug R20|Any CPU.Build.0 = Debug R20|Any CPU
		{8F393442-77C9-405F-A0A7-208A53E9B389}.Debug R21|Any CPU.ActiveCfg = Debug R21|Any CPU
		{8F393442-77C9-405F-A0A7-208A53E9B389}.Debug R21|Any CPU.Build.0 = Debug R21|Any CPU
		{8F393442-77C9-405F-A0A7-208A53E9B389}.Debug R22|Any CPU.ActiveCfg = Debug R22|Any CPU
		{8F393442-77C9-405F-A0A7-208A53E9B389}.Debug R22|Any CPU.Build.0 = Debug R22|Any CPU
		{8F393442-77C9-405F-A0A7-208A53E9B389}.Debug R23|Any CPU.ActiveCfg = Debug R23|Any CPU
		{8F393442-77C9-405F-A0A7-208A53E9B389}.Debug R23|Any CPU.Build.0 = Debug R23|Any CPU
		{8F393442-77C9-405F-A0A7-208A53E9B389}.Debug R24|Any CPU.ActiveCfg = Debug R24|Any CPU
		{8F393442-77C9-405F-A0A7-208A53E9B389}.Debug R24|Any CPU.Build.0 = Debug R24|Any CPU
		{8F393442-77C9-405F-A0A7-208A53E9B389}.Debug R25|Any CPU.ActiveCfg = Debug R25|Any CPU
		{8F393442-77C9-405F-A0A7-208A53E9B389}.Debug R25|Any CPU.Build.0 = Debug R25|Any CPU
		{8F393442-77C9-405F-A0A7-208A53E9B389}.Debug|Any CPU.ActiveCfg = Debug R20|Any CPU
		{8F393442-77C9-405F-A0A7-208A53E9B389}.Debug|Any CPU.Build.0 = Debug R20|Any CPU
		{8F393442-77C9-405F-A0A7-208A53E9B389}.Release R20|Any CPU.ActiveCfg = Release R20|Any CPU
		{8F393442-77C9-405F-A0A7-208A53E9B389}.Release R20|Any CPU.Build.0 = Release R20|Any CPU
		{8F393442-77C9-405F-A0A7-208A53E9B389}.Release R21|Any CPU.ActiveCfg = Release R21|Any CPU
		{8F393442-77C9-405F-A0A7-208A53E9B389}.Release R21|Any CPU.Build.0 = Release R21|Any CPU
		{8F393442-77C9-405F-A0A7-208A53E9B389}.Release R22|Any CPU.ActiveCfg = Release R22|Any CPU
		{8F393442-77C9-405F-A0A7-208A53E9B389}.Release R22|Any CPU.Build.0 = Release R22|Any CPU
		{8F393442-77C9-405F-A0A7-208A53E9B389}.Release R23|Any CPU.ActiveCfg = Release R23|Any CPU
		{8F393442-77C9-405F-A0A7-208A53E9B389}.Release R23|Any CPU.Build.0 = Release R23|Any CPU
		{8F393442-77C9-405F-A0A7-208A53E9B389}.Release R24|Any CPU.ActiveCfg = Release R24|Any CPU
		{8F393442-77C9-405F-A0A7-208A53E9B389}.Release R24|Any CPU.Build.0 = Release R24|Any CPU
		{8F393442-77C9-405F-A0A7-208A53E9B389}.Release R25|Any CPU.ActiveCfg = Release R25|Any CPU
		{8F393442-77C9-405F-A0A7-208A53E9B389}.Release R25|Any CPU.Build.0 = Release R25|Any CPU
		{8F393442-77C9-405F-A0A7-208A53E9B389}.Release|Any CPU.ActiveCfg = Debug R20|Any CPU
		{8F393442-77C9-405F-A0A7-208A53E9B389}.Release|Any CPU.Build.0 = Debug R20|Any CPU
		{8CD358BB-9032-4846-8165-FEA9FBA0B3FA}.Debug R20|Any CPU.ActiveCfg = Debug R20|Any CPU
		{8CD358BB-9032-4846-8165-FEA9FBA0B3FA}.Debug R20|Any CPU.Build.0 = Debug R20|Any CPU
		{8CD358BB-9032-4846-8165-FEA9FBA0B3FA}.Debug R21|Any CPU.ActiveCfg = Debug R21|Any CPU
		{8CD358BB-9032-4846-8165-FEA9FBA0B3FA}.Debug R21|Any CPU.Build.0 = Debug R21|Any CPU
		{8CD358BB-9032-4846-8165-FEA9FBA0B3FA}.Debug R22|Any CPU.ActiveCfg = Debug R22|Any CPU
		{8CD358BB-9032-4846-8165-FEA9FBA0B3FA}.Debug R22|Any CPU.Build.0 = Debug R22|Any CPU
		{8CD358BB-9032-4846-8165-FEA9FBA0B3FA}.Debug R23|Any CPU.ActiveCfg = Debug R23|Any CPU
		{8CD358BB-9032-4846-8165-FEA9FBA0B3FA}.Debug R23|Any CPU.Build.0 = Debug R23|Any CPU
		{8CD358BB-9032-4846-8165-FEA9FBA0B3FA}.Debug R24|Any CPU.ActiveCfg = Debug R24|Any CPU
		{8CD358BB-9032-4846-8165-FEA9FBA0B3FA}.Debug R24|Any CPU.Build.0 = Debug R24|Any CPU
		{8CD358BB-9032-4846-8165-FEA9FBA0B3FA}.Debug R25|Any CPU.ActiveCfg = Debug R25|Any CPU
		{8CD358BB-9032-4846-8165-FEA9FBA0B3FA}.Debug R25|Any CPU.Build.0 = Debug R25|Any CPU
		{8CD358BB-9032-4846-8165-FEA9FBA0B3FA}.Debug|Any CPU.ActiveCfg = Debug R20|Any CPU
		{8CD358BB-9032-4846-8165-FEA9FBA0B3FA}.Debug|Any CPU.Build.0 = Debug R20|Any CPU
		{8CD358BB-9032-4846-8165-FEA9FBA0B3FA}.Release R20|Any CPU.ActiveCfg = Release R20|Any CPU
		{8CD358BB-9032-4846-8165-FEA9FBA0B3FA}.Release R20|Any CPU.Build.0 = Release R20|Any CPU
		{8CD358BB-9032-4846-8165-FEA9FBA0B3FA}.Release R21|Any CPU.ActiveCfg = Release R21|Any CPU
		{8CD358BB-9032-4846-8165-FEA9FBA0B3FA}.Release R21|Any CPU.Build.0 = Release R21|Any CPU
		{8CD358BB-9032-4846-8165-FEA9FBA0B3FA}.Release R22|Any CPU.ActiveCfg = Release R22|Any CPU
		{8CD358BB-9032-4846-8165-FEA9FBA0B3FA}.Release R22|Any CPU.Build.0 = Release R22|Any CPU
		{8CD358BB-9032-4846-8165-FEA9FBA0B3FA}.Release R23|Any CPU.ActiveCfg = Release R23|Any CPU
		{8CD358BB-9032-4846-8165-FEA9FBA0B3FA}.Release R23|Any CPU.Build.0 = Release R23|Any CPU
		{8CD358BB-9032-4846-8165-FEA9FBA0B3FA}.Release R24|Any CPU.ActiveCfg = Release R24|Any CPU
		{8CD358BB-9032-4846-8165-FEA9FBA0B3FA}.Release R24|Any CPU.Build.0 = Release R24|Any CPU
		{8CD358BB-9032-4846-8165-FEA9FBA0B3FA}.Release R25|Any CPU.ActiveCfg = Release R25|Any CPU
		{8CD358BB-9032-4846-8165-FEA9FBA0B3FA}.Release R25|Any CPU.Build.0 = Release R25|Any CPU
		{8CD358BB-9032-4846-8165-FEA9FBA0B3FA}.Release|Any CPU.ActiveCfg = Debug R20|Any CPU
		{8CD358BB-9032-4846-8165-FEA9FBA0B3FA}.Release|Any CPU.Build.0 = Debug R20|Any CPU
		{B0E33ABF-7D1D-4410-B442-2CD87E520F0C}.Debug R20|Any CPU.ActiveCfg = Debug R20|Any CPU
		{B0E33ABF-7D1D-4410-B442-2CD87E520F0C}.Debug R20|Any CPU.Build.0 = Debug R20|Any CPU
		{B0E33ABF-7D1D-4410-B442-2CD87E520F0C}.Debug R21|Any CPU.ActiveCfg = Debug R21|Any CPU
		{B0E33ABF-7D1D-4410-B442-2CD87E520F0C}.Debug R21|Any CPU.Build.0 = Debug R21|Any CPU
		{B0E33ABF-7D1D-4410-B442-2CD87E520F0C}.Debug R22|Any CPU.ActiveCfg = Debug R22|Any CPU
		{B0E33ABF-7D1D-4410-B442-2CD87E520F0C}.Debug R22|Any CPU.Build.0 = Debug R22|Any CPU
		{B0E33ABF-7D1D-4410-B442-2CD87E520F0C}.Debug R23|Any CPU.ActiveCfg = Debug R23|Any CPU
		{B0E33ABF-7D1D-4410-B442-2CD87E520F0C}.Debug R23|Any CPU.Build.0 = Debug R23|Any CPU
		{B0E33ABF-7D1D-4410-B442-2CD87E520F0C}.Debug R24|Any CPU.ActiveCfg = Debug R24|Any CPU
		{B0E33ABF-7D1D-4410-B442-2CD87E520F0C}.Debug R24|Any CPU.Build.0 = Debug R24|Any CPU
		{B0E33ABF-7D1D-4410-B442-2CD87E520F0C}.Debug R25|Any CPU.ActiveCfg = Debug R25|Any CPU
		{B0E33ABF-7D1D-4410-B442-2CD87E520F0C}.Debug R25|Any CPU.Build.0 = Debug R25|Any CPU
		{B0E33ABF-7D1D-4410-B442-2CD87E520F0C}.Debug|Any CPU.ActiveCfg = Debug R20|Any CPU
		{B0E33ABF-7D1D-4410-B442-2CD87E520F0C}.Debug|Any CPU.Build.0 = Debug R20|Any CPU
		{B0E33ABF-7D1D-4410-B442-2CD87E520F0C}.Release R20|Any CPU.ActiveCfg = Release R20|Any CPU
		{B0E33ABF-7D1D-4410-B442-2CD87E520F0C}.Release R20|Any CPU.Build.0 = Release R20|Any CPU
		{B0E33ABF-7D1D-4410-B442-2CD87E520F0C}.Release R21|Any CPU.ActiveCfg = Release R21|Any CPU
		{B0E33ABF-7D1D-4410-B442-2CD87E520F0C}.Release R21|Any CPU.Build.0 = Release R21|Any CPU
		{B0E33ABF-7D1D-4410-B442-2CD87E520F0C}.Release R22|Any CPU.ActiveCfg = Release R22|Any CPU
		{B0E33ABF-7D1D-4410-B442-2CD87E520F0C}.Release R22|Any CPU.Build.0 = Release R22|Any CPU
		{B0E33ABF-7D1D-4410-B442-2CD87E520F0C}.Release R23|Any CPU.ActiveCfg = Release R23|Any CPU
		{B0E33ABF-7D1D-4410-B442-2CD87E520F0C}.Release R23|Any CPU.Build.0 = Release R23|Any CPU
		{B0E33ABF-7D1D-4410-B442-2CD87E520F0C}.Release R24|Any CPU.ActiveCfg = Release R24|Any CPU
		{B0E33ABF-7D1D-4410-B442-2CD87E520F0C}.Release R24|Any CPU.Build.0 = Release R24|Any CPU
		{B0E33ABF-7D1D-4410-B442-2CD87E520F0C}.Release R25|Any CPU.ActiveCfg = Release R25|Any CPU
		{B0E33ABF-7D1D-4410-B442-2CD87E520F0C}.Release R25|Any CPU.Build.0 = Release R25|Any CPU
		{B0E33ABF-7D1D-4410-B442-2CD87E520F0C}.Release|Any CPU.ActiveCfg = Debug R20|Any CPU
		{B0E33ABF-7D1D-4410-B442-2CD87E520F0C}.Release|Any CPU.Build.0 = Debug R20|Any CPU
		{0A00E227-E0E0-48D6-9580-26ADD9126167}.Debug R20|Any CPU.ActiveCfg = Debug R20|Any CPU
		{0A00E227-E0E0-48D6-9580-26ADD9126167}.Debug R20|Any CPU.Build.0 = Debug R20|Any CPU
		{0A00E227-E0E0-48D6-9580-26ADD9126167}.Debug R21|Any CPU.ActiveCfg = Debug R21|Any CPU
		{0A00E227-E0E0-48D6-9580-26ADD9126167}.Debug R21|Any CPU.Build.0 = Debug R21|Any CPU
		{0A00E227-E0E0-48D6-9580-26ADD9126167}.Debug R22|Any CPU.ActiveCfg = Debug R22|Any CPU
		{0A00E227-E0E0-48D6-9580-26ADD9126167}.Debug R22|Any CPU.Build.0 = Debug R22|Any CPU
		{0A00E227-E0E0-48D6-9580-26ADD9126167}.Debug R23|Any CPU.ActiveCfg = Debug R23|Any CPU
		{0A00E227-E0E0-48D6-9580-26ADD9126167}.Debug R23|Any CPU.Build.0 = Debug R23|Any CPU
		{0A00E227-E0E0-48D6-9580-26ADD9126167}.Debug R24|Any CPU.ActiveCfg = Debug R24|Any CPU
		{0A00E227-E0E0-48D6-9580-26ADD9126167}.Debug R24|Any CPU.Build.0 = Debug R24|Any CPU
		{0A00E227-E0E0-48D6-9580-26ADD9126167}.Debug R25|Any CPU.ActiveCfg = Debug R25|Any CPU
		{0A00E227-E0E0-48D6-9580-26ADD9126167}.Debug R25|Any CPU.Build.0 = Debug R25|Any CPU
		{0A00E227-E0E0-48D6-9580-26ADD9126167}.Debug|Any CPU.ActiveCfg = Debug R20|Any CPU
		{0A00E227-E0E0-48D6-9580-26ADD9126167}.Debug|Any CPU.Build.0 = Debug R20|Any CPU
		{0A00E227-E0E0-48D6-9580-26ADD9126167}.Release R20|Any CPU.ActiveCfg = Release R20|Any CPU
		{0A00E227-E0E0-48D6-9580-26ADD9126167}.Release R20|Any CPU.Build.0 = Release R20|Any CPU
		{0A00E227-E0E0-48D6-9580-26ADD9126167}.Release R21|Any CPU.ActiveCfg = Release R21|Any CPU
		{0A00E227-E0E0-48D6-9580-26ADD9126167}.Release R21|Any CPU.Build.0 = Release R21|Any CPU
		{0A00E227-E0E0-48D6-9580-26ADD9126167}.Release R22|Any CPU.ActiveCfg = Release R22|Any CPU
		{0A00E227-E0E0-48D6-9580-26ADD9126167}.Release R22|Any CPU.Build.0 = Release R22|Any CPU
		{0A00E227-E0E0-48D6-9580-26ADD9126167}.Release R23|Any CPU.ActiveCfg = Release R23|Any CPU
		{0A00E227-E0E0-48D6-9580-26ADD9126167}.Release R23|Any CPU.Build.0 = Release R23|Any CPU
		{0A00E227-E0E0-48D6-9580-26ADD9126167}.Release R24|Any CPU.ActiveCfg = Release R24|Any CPU
		{0A00E227-E0E0-48D6-9580-26ADD9126167}.Release R24|Any CPU.Build.0 = Release R24|Any CPU
		{0A00E227-E0E0-48D6-9580-26ADD9126167}.Release R25|Any CPU.ActiveCfg = Release R25|Any CPU
		{0A00E227-E0E0-48D6-9580-26ADD9126167}.Release R25|Any CPU.Build.0 = Release R25|Any CPU
		{0A00E227-E0E0-48D6-9580-26ADD9126167}.Release|Any CPU.ActiveCfg = Debug R20|Any CPU
		{0A00E227-E0E0-48D6-9580-26ADD9126167}.Release|Any CPU.Build.0 = Debug R20|Any CPU
		{E5DC5158-6D6F-4E82-A786-B3AA60F4F1AB}.Debug R20|Any CPU.ActiveCfg = Debug R20|Any CPU
		{E5DC5158-6D6F-4E82-A786-B3AA60F4F1AB}.Debug R20|Any CPU.Build.0 = Debug R20|Any CPU
		{E5DC5158-6D6F-4E82-A786-B3AA60F4F1AB}.Debug R21|Any CPU.ActiveCfg = Debug R21|Any CPU
		{E5DC5158-6D6F-4E82-A786-B3AA60F4F1AB}.Debug R21|Any CPU.Build.0 = Debug R21|Any CPU
		{E5DC5158-6D6F-4E82-A786-B3AA60F4F1AB}.Debug R22|Any CPU.ActiveCfg = Debug R22|Any CPU
		{E5DC5158-6D6F-4E82-A786-B3AA60F4F1AB}.Debug R22|Any CPU.Build.0 = Debug R22|Any CPU
		{E5DC5158-6D6F-4E82-A786-B3AA60F4F1AB}.Debug R23|Any CPU.ActiveCfg = Debug R23|Any CPU
		{E5DC5158-6D6F-4E82-A786-B3AA60F4F1AB}.Debug R23|Any CPU.Build.0 = Debug R23|Any CPU
		{E5DC5158-6D6F-4E82-A786-B3AA60F4F1AB}.Debug R24|Any CPU.ActiveCfg = Debug R24|Any CPU
		{E5DC5158-6D6F-4E82-A786-B3AA60F4F1AB}.Debug R24|Any CPU.Build.0 = Debug R24|Any CPU
		{E5DC5158-6D6F-4E82-A786-B3AA60F4F1AB}.Debug R25|Any CPU.ActiveCfg = Debug R25|Any CPU
		{E5DC5158-6D6F-4E82-A786-B3AA60F4F1AB}.Debug R25|Any CPU.Build.0 = Debug R25|Any CPU
		{E5DC5158-6D6F-4E82-A786-B3AA60F4F1AB}.Debug|Any CPU.ActiveCfg = Debug R20|Any CPU
		{E5DC5158-6D6F-4E82-A786-B3AA60F4F1AB}.Debug|Any CPU.Build.0 = Debug R20|Any CPU
		{E5DC5158-6D6F-4E82-A786-B3AA60F4F1AB}.Release R20|Any CPU.ActiveCfg = Release R20|Any CPU
		{E5DC5158-6D6F-4E82-A786-B3AA60F4F1AB}.Release R20|Any CPU.Build.0 = Release R20|Any CPU
		{E5DC5158-6D6F-4E82-A786-B3AA60F4F1AB}.Release R21|Any CPU.ActiveCfg = Release R21|Any CPU
		{E5DC5158-6D6F-4E82-A786-B3AA60F4F1AB}.Release R21|Any CPU.Build.0 = Release R21|Any CPU
		{E5DC5158-6D6F-4E82-A786-B3AA60F4F1AB}.Release R22|Any CPU.ActiveCfg = Release R22|Any CPU
		{E5DC5158-6D6F-4E82-A786-B3AA60F4F1AB}.Release R22|Any CPU.Build.0 = Release R22|Any CPU
		{E5DC5158-6D6F-4E82-A786-B3AA60F4F1AB}.Release R23|Any CPU.ActiveCfg = Release R23|Any CPU
		{E5DC5158-6D6F-4E82-A786-B3AA60F4F1AB}.Release R23|Any CPU.Build.0 = Release R23|Any CPU
		{E5DC5158-6D6F-4E82-A786-B3AA60F4F1AB}.Release R24|Any CPU.ActiveCfg = Release R24|Any CPU
		{E5DC5158-6D6F-4E82-A786-B3AA60F4F1AB}.Release R24|Any CPU.Build.0 = Release R24|Any CPU
		{E5DC5158-6D6F-4E82-A786-B3AA60F4F1AB}.Release R25|Any CPU.ActiveCfg = Release R25|Any CPU
		{E5DC5158-6D6F-4E82-A786-B3AA60F4F1AB}.Release R25|Any CPU.Build.0 = Release R25|Any CPU
		{E5DC5158-6D6F-4E82-A786-B3AA60F4F1AB}.Release|Any CPU.ActiveCfg = Debug R20|Any CPU
		{E5DC5158-6D6F-4E82-A786-B3AA60F4F1AB}.Release|Any CPU.Build.0 = Debug R20|Any CPU
		{ED6A093D-E297-4C1D-B4E9-4BD47E276FEC}.Debug R20|Any CPU.ActiveCfg = Debug R20|Any CPU
		{ED6A093D-E297-4C1D-B4E9-4BD47E276FEC}.Debug R20|Any CPU.Build.0 = Debug R20|Any CPU
		{ED6A093D-E297-4C1D-B4E9-4BD47E276FEC}.Debug R21|Any CPU.ActiveCfg = Debug R21|Any CPU
		{ED6A093D-E297-4C1D-B4E9-4BD47E276FEC}.Debug R21|Any CPU.Build.0 = Debug R21|Any CPU
		{ED6A093D-E297-4C1D-B4E9-4BD47E276FEC}.Debug R22|Any CPU.ActiveCfg = Debug R22|Any CPU
		{ED6A093D-E297-4C1D-B4E9-4BD47E276FEC}.Debug R22|Any CPU.Build.0 = Debug R22|Any CPU
		{ED6A093D-E297-4C1D-B4E9-4BD47E276FEC}.Debug R23|Any CPU.ActiveCfg = Debug R23|Any CPU
		{ED6A093D-E297-4C1D-B4E9-4BD47E276FEC}.Debug R23|Any CPU.Build.0 = Debug R23|Any CPU
		{ED6A093D-E297-4C1D-B4E9-4BD47E276FEC}.Debug R24|Any CPU.ActiveCfg = Debug R24|Any CPU
		{ED6A093D-E297-4C1D-B4E9-4BD47E276FEC}.Debug R24|Any CPU.Build.0 = Debug R24|Any CPU
		{ED6A093D-E297-4C1D-B4E9-4BD47E276FEC}.Debug R25|Any CPU.ActiveCfg = Debug R25|Any CPU
		{ED6A093D-E297-4C1D-B4E9-4BD47E276FEC}.Debug R25|Any CPU.Build.0 = Debug R25|Any CPU
		{ED6A093D-E297-4C1D-B4E9-4BD47E276FEC}.Debug|Any CPU.ActiveCfg = Debug R20|Any CPU
		{ED6A093D-E297-4C1D-B4E9-4BD47E276FEC}.Debug|Any CPU.Build.0 = Debug R20|Any CPU
		{ED6A093D-E297-4C1D-B4E9-4BD47E276FEC}.Release R20|Any CPU.ActiveCfg = Release R20|Any CPU
		{ED6A093D-E297-4C1D-B4E9-4BD47E276FEC}.Release R20|Any CPU.Build.0 = Release R20|Any CPU
		{ED6A093D-E297-4C1D-B4E9-4BD47E276FEC}.Release R21|Any CPU.ActiveCfg = Release R21|Any CPU
		{ED6A093D-E297-4C1D-B4E9-4BD47E276FEC}.Release R21|Any CPU.Build.0 = Release R21|Any CPU
		{ED6A093D-E297-4C1D-B4E9-4BD47E276FEC}.Release R22|Any CPU.ActiveCfg = Release R22|Any CPU
		{ED6A093D-E297-4C1D-B4E9-4BD47E276FEC}.Release R22|Any CPU.Build.0 = Release R22|Any CPU
		{ED6A093D-E297-4C1D-B4E9-4BD47E276FEC}.Release R23|Any CPU.ActiveCfg = Release R23|Any CPU
		{ED6A093D-E297-4C1D-B4E9-4BD47E276FEC}.Release R23|Any CPU.Build.0 = Release R23|Any CPU
		{ED6A093D-E297-4C1D-B4E9-4BD47E276FEC}.Release R24|Any CPU.ActiveCfg = Release R24|Any CPU
		{ED6A093D-E297-4C1D-B4E9-4BD47E276FEC}.Release R24|Any CPU.Build.0 = Release R24|Any CPU
		{ED6A093D-E297-4C1D-B4E9-4BD47E276FEC}.Release R25|Any CPU.ActiveCfg = Release R25|Any CPU
		{ED6A093D-E297-4C1D-B4E9-4BD47E276FEC}.Release R25|Any CPU.Build.0 = Release R25|Any CPU
		{ED6A093D-E297-4C1D-B4E9-4BD47E276FEC}.Release|Any CPU.ActiveCfg = Debug R20|Any CPU
		{ED6A093D-E297-4C1D-B4E9-4BD47E276FEC}.Release|Any CPU.Build.0 = Debug R20|Any CPU
		{E0A3759B-ACDD-4E4B-9488-9E7FC4F1758B}.Debug R20|Any CPU.ActiveCfg = Debug|Any CPU
		{E0A3759B-ACDD-4E4B-9488-9E7FC4F1758B}.Debug R20|Any CPU.Build.0 = Debug|Any CPU
		{E0A3759B-ACDD-4E4B-9488-9E7FC4F1758B}.Debug R21|Any CPU.ActiveCfg = Debug|Any CPU
		{E0A3759B-ACDD-4E4B-9488-9E7FC4F1758B}.Debug R21|Any CPU.Build.0 = Debug|Any CPU
		{E0A3759B-ACDD-4E4B-9488-9E7FC4F1758B}.Debug R22|Any CPU.ActiveCfg = Debug|Any CPU
		{E0A3759B-ACDD-4E4B-9488-9E7FC4F1758B}.Debug R23|Any CPU.ActiveCfg = Debug|Any CPU
		{E0A3759B-ACDD-4E4B-9488-9E7FC4F1758B}.Debug R24|Any CPU.ActiveCfg = Debug|Any CPU
		{E0A3759B-ACDD-4E4B-9488-9E7FC4F1758B}.Debug R24|Any CPU.Build.0 = Debug|Any CPU
		{E0A3759B-ACDD-4E4B-9488-9E7FC4F1758B}.Debug R25|Any CPU.ActiveCfg = Debug|Any CPU
		{E0A3759B-ACDD-4E4B-9488-9E7FC4F1758B}.Debug R25|Any CPU.Build.0 = Debug|Any CPU
		{E0A3759B-ACDD-4E4B-9488-9E7FC4F1758B}.Debug|Any CPU.ActiveCfg = Debug|Any CPU
		{E0A3759B-ACDD-4E4B-9488-9E7FC4F1758B}.Debug|Any CPU.Build.0 = Debug|Any CPU
		{E0A3759B-ACDD-4E4B-9488-9E7FC4F1758B}.Release R20|Any CPU.ActiveCfg = Debug|Any CPU
		{E0A3759B-ACDD-4E4B-9488-9E7FC4F1758B}.Release R20|Any CPU.Build.0 = Debug|Any CPU
		{E0A3759B-ACDD-4E4B-9488-9E7FC4F1758B}.Release R21|Any CPU.ActiveCfg = Debug|Any CPU
		{E0A3759B-ACDD-4E4B-9488-9E7FC4F1758B}.Release R21|Any CPU.Build.0 = Debug|Any CPU
		{E0A3759B-ACDD-4E4B-9488-9E7FC4F1758B}.Release R24|Any CPU.ActiveCfg = Debug|Any CPU
		{E0A3759B-ACDD-4E4B-9488-9E7FC4F1758B}.Release R24|Any CPU.Build.0 = Debug|Any CPU
		{E0A3759B-ACDD-4E4B-9488-9E7FC4F1758B}.Release R25|Any CPU.ActiveCfg = Debug|Any CPU
		{E0A3759B-ACDD-4E4B-9488-9E7FC4F1758B}.Release R25|Any CPU.Build.0 = Debug|Any CPU
		{E0A3759B-ACDD-4E4B-9488-9E7FC4F1758B}.Release|Any CPU.ActiveCfg = Release|Any CPU
		{E0A3759B-ACDD-4E4B-9488-9E7FC4F1758B}.Release|Any CPU.Build.0 = Release|Any CPU
		{E0A3759B-ACDD-4E4B-9488-9E7FC4F1758B}.Release R22|Any CPU.ActiveCfg = Release|Any CPU
		{E0A3759B-ACDD-4E4B-9488-9E7FC4F1758B}.Release R23|Any CPU.ActiveCfg = Release|Any CPU
		{1300DA82-71AC-4513-AD48-F3BCC7585427}.Debug R20|Any CPU.ActiveCfg = Debug R20|Any CPU
		{1300DA82-71AC-4513-AD48-F3BCC7585427}.Debug R20|Any CPU.Build.0 = Debug R20|Any CPU
		{1300DA82-71AC-4513-AD48-F3BCC7585427}.Debug R21|Any CPU.ActiveCfg = Debug R21|Any CPU
		{1300DA82-71AC-4513-AD48-F3BCC7585427}.Debug R21|Any CPU.Build.0 = Debug R21|Any CPU
		{1300DA82-71AC-4513-AD48-F3BCC7585427}.Debug R22|Any CPU.ActiveCfg = Debug R22|Any CPU
		{1300DA82-71AC-4513-AD48-F3BCC7585427}.Debug R22|Any CPU.Build.0 = Debug R22|Any CPU
		{1300DA82-71AC-4513-AD48-F3BCC7585427}.Debug R23|Any CPU.ActiveCfg = Debug R23|Any CPU
		{1300DA82-71AC-4513-AD48-F3BCC7585427}.Debug R23|Any CPU.Build.0 = Debug R23|Any CPU
		{1300DA82-71AC-4513-AD48-F3BCC7585427}.Debug R24|Any CPU.ActiveCfg = Debug R24|Any CPU
		{1300DA82-71AC-4513-AD48-F3BCC7585427}.Debug R24|Any CPU.Build.0 = Debug R24|Any CPU
		{1300DA82-71AC-4513-AD48-F3BCC7585427}.Debug R25|Any CPU.ActiveCfg = Debug R25|Any CPU
		{1300DA82-71AC-4513-AD48-F3BCC7585427}.Debug R25|Any CPU.Build.0 = Debug R25|Any CPU
		{1300DA82-71AC-4513-AD48-F3BCC7585427}.Debug|Any CPU.ActiveCfg = Debug R20|Any CPU
		{1300DA82-71AC-4513-AD48-F3BCC7585427}.Debug|Any CPU.Build.0 = Debug R20|Any CPU
		{1300DA82-71AC-4513-AD48-F3BCC7585427}.Release R20|Any CPU.ActiveCfg = Release R20|Any CPU
		{1300DA82-71AC-4513-AD48-F3BCC7585427}.Release R20|Any CPU.Build.0 = Release R20|Any CPU
		{1300DA82-71AC-4513-AD48-F3BCC7585427}.Release R21|Any CPU.ActiveCfg = Release R21|Any CPU
		{1300DA82-71AC-4513-AD48-F3BCC7585427}.Release R21|Any CPU.Build.0 = Release R21|Any CPU
		{1300DA82-71AC-4513-AD48-F3BCC7585427}.Release R22|Any CPU.ActiveCfg = Release R22|Any CPU
		{1300DA82-71AC-4513-AD48-F3BCC7585427}.Release R22|Any CPU.Build.0 = Release R22|Any CPU
		{1300DA82-71AC-4513-AD48-F3BCC7585427}.Release R23|Any CPU.ActiveCfg = Release R23|Any CPU
		{1300DA82-71AC-4513-AD48-F3BCC7585427}.Release R23|Any CPU.Build.0 = Release R23|Any CPU
		{1300DA82-71AC-4513-AD48-F3BCC7585427}.Release R24|Any CPU.ActiveCfg = Release R24|Any CPU
		{1300DA82-71AC-4513-AD48-F3BCC7585427}.Release R24|Any CPU.Build.0 = Release R24|Any CPU
		{1300DA82-71AC-4513-AD48-F3BCC7585427}.Release R25|Any CPU.ActiveCfg = Release R25|Any CPU
		{1300DA82-71AC-4513-AD48-F3BCC7585427}.Release R25|Any CPU.Build.0 = Release R25|Any CPU
		{1300DA82-71AC-4513-AD48-F3BCC7585427}.Release|Any CPU.ActiveCfg = Debug R20|Any CPU
		{1300DA82-71AC-4513-AD48-F3BCC7585427}.Release|Any CPU.Build.0 = Debug R20|Any CPU
	EndGlobalSection
	GlobalSection(SolutionProperties) = preSolution
		HideSolutionNode = FALSE
	EndGlobalSection
	GlobalSection(ExtensibilityGlobals) = postSolution
		SolutionGuid = {5347C715-1786-4613-8E59-877844826C43}
	EndGlobalSection
	GlobalSection(NestedProjects) = preSolution
		{8CD358BB-9032-4846-8165-FEA9FBA0B3FA} = {0C224346-C1FF-4378-9604-7A42BAC64D2B}
		{B0E33ABF-7D1D-4410-B442-2CD87E520F0C} = {C7E32B2C-18FD-4A33-8C97-F83D480F4D92}
		{1E6FE382-8036-4CDB-9B5F-32FA791B3B35} = {0C224346-C1FF-4378-9604-7A42BAC64D2B}
		{0A00E227-E0E0-48D6-9580-26ADD9126167} = {0C224346-C1FF-4378-9604-7A42BAC64D2B}
		{E5DC5158-6D6F-4E82-A786-B3AA60F4F1AB} = {D0F06532-D27E-4487-844A-E1913E2FEEA5}
		{ED6A093D-E297-4C1D-B4E9-4BD47E276FEC} = {D0F06532-D27E-4487-844A-E1913E2FEEA5}
		{7DF74D49-C5BB-4A26-9024-06340FA66AEE} = {0C224346-C1FF-4378-9604-7A42BAC64D2B}
		{E0A3759B-ACDD-4E4B-9488-9E7FC4F1758B} = {86D35AD4-3D78-4AA3-9AC8-7E669285A40B}
		{1300DA82-71AC-4513-AD48-F3BCC7585427} = {0C224346-C1FF-4378-9604-7A42BAC64D2B}
	EndGlobalSection
EndGlobal
